
Microsoft Visual Studio Solution File, Format Version 12.00
# Visual Studio 2017
Project("{FAE04EC0-301F-11D3-BF4B-00C04F79EFBC}") = "DemoThucTapVer3", "DemoThucTapVer3.csproj", "{97FC0A03-EB27-E7E6-E0C8-E81003EEA760}"
EndProject
Project("{FAE04EC0-301F-11D3-BF4B-00C04F79EFBC}") = "DemoThucTapVer3.Editor", "DemoThucTapVer3.Editor.csproj", "{42BE07A1-FEBA-14F8-9085-58501B351784}"
EndProject
Project("{FAE04EC0-301F-11D3-BF4B-00C04F79EFBC}") = "DemoThucTapVer3.Editor", "DemoThucTapVer3.Editor.csproj", "{42BE07A1-FEBA-14F8-9085-58501B351784}"
EndProject
Global
	GlobalSection(SolutionConfigurationPlatforms) = preSolution
		Debug|Any CPU = Debug|Any CPU
		Release|Any CPU = Release|Any CPU
	EndGlobalSection
	GlobalSection(ProjectConfigurationPlatforms) = postSolution
		{97FC0A03-EB27-E7E6-E0C8-E81003EEA760}.Debug|Any CPU.ActiveCfg = Debug|Any CPU
		{97FC0A03-EB27-E7E6-E0C8-E81003EEA760}.Debug|Any CPU.Build.0 = Debug|Any CPU
		{97FC0A03-EB27-E7E6-E0C8-E81003EEA760}.Release|Any CPU.ActiveCfg = Release|Any CPU
		{97FC0A03-EB27-E7E6-E0C8-E81003EEA760}.Release|Any CPU.Build.0 = Release|Any CPU
		{42BE07A1-FEBA-14F8-9085-58501B351784}.Debug|Any CPU.ActiveCfg = Debug|Any CPU
		{42BE07A1-FEBA-14F8-9085-58501B351784}.Debug|Any CPU.Build.0 = Debug|Any CPU
		{42BE07A1-FEBA-14F8-9085-58501B351784}.Release|Any CPU.ActiveCfg = Release|Any CPU
		{42BE07A1-FEBA-14F8-9085-58501B351784}.Release|Any CPU.Build.0 = Release|Any CPU
		{42BE07A1-FEBA-14F8-9085-58501B351784}.Debug|Any CPU.ActiveCfg = Debug|Any CPU
		{42BE07A1-FEBA-14F8-9085-58501B351784}.Debug|Any CPU.Build.0 = Debug|Any CPU
		{42BE07A1-FEBA-14F8-9085-58501B351784}.Release|Any CPU.ActiveCfg = Release|Any CPU
		{42BE07A1-FEBA-14F8-9085-58501B351784}.Release|Any CPU.Build.0 = Release|Any CPU
	EndGlobalSection
	GlobalSection(SolutionProperties) = preSolution
		HideSolutionNode = FALSE
	EndGlobalSection
EndGlobal
